
Microsoft Visual Studio Solution File, Format Version 12.00
# Visual Studio Version 17
VisualStudioVersion = 17.3.32929.385
MinimumVisualStudioVersion = 10.0.40219.1
Project("{9A19103F-16F7-4668-BE54-9A1E7A4F7556}") = "01_ConnectedMode", "01_ConnectedMode\01_ConnectedMode.csproj", "{87318485-80D1-46C9-ADD4-A2A5767D54C5}"
EndProject
Project("{9A19103F-16F7-4668-BE54-9A1E7A4F7556}") = "02_ConnectedModeCRUD", "02_ConnectedModeCRUD\02_ConnectedModeCRUD.csproj", "{DB6C9277-35DA-42F4-861B-F50F4FEC163D}"
EndProject
Project("{9A19103F-16F7-4668-BE54-9A1E7A4F7556}") = "wpf_client", "wpf_client\wpf_client.csproj", "{6AABBBFE-9C3C-4454-A4BB-617C3BBBFBBF}"
EndProject
Project("{9A19103F-16F7-4668-BE54-9A1E7A4F7556}") = "data_access", "data_access\data_access.csproj", "{A7EC5E9D-6854-46E7-AA03-E1D6B1681EAB}"
EndProject
Project("{9A19103F-16F7-4668-BE54-9A1E7A4F7556}") = "05_discconnected_mode", "05_discconnected_mode\05_discconnected_mode.csproj", "{4C285A42-60DA-4843-B714-FBB432601DE1}"
EndProject
Project("{FAE04EC0-301F-11D3-BF4B-00C04F79EFBC}") = "06_linq_to_sql", "06_linq_to_sql\06_linq_to_sql.csproj", "{19B0368A-FB99-4545-951C-924F767D374E}"
EndProject
Global
	GlobalSection(SolutionConfigurationPlatforms) = preSolution
		Debug|Any CPU = Debug|Any CPU
		Release|Any CPU = Release|Any CPU
	EndGlobalSection
	GlobalSection(ProjectConfigurationPlatforms) = postSolution
		{87318485-80D1-46C9-ADD4-A2A5767D54C5}.Debug|Any CPU.ActiveCfg = Debug|Any CPU
		{87318485-80D1-46C9-ADD4-A2A5767D54C5}.Debug|Any CPU.Build.0 = Debug|Any CPU
		{87318485-80D1-46C9-ADD4-A2A5767D54C5}.Release|Any CPU.ActiveCfg = Release|Any CPU
		{87318485-80D1-46C9-ADD4-A2A5767D54C5}.Release|Any CPU.Build.0 = Release|Any CPU
		{DB6C9277-35DA-42F4-861B-F50F4FEC163D}.Debug|Any CPU.ActiveCfg = Debug|Any CPU
		{DB6C9277-35DA-42F4-861B-F50F4FEC163D}.Debug|Any CPU.Build.0 = Debug|Any CPU
		{DB6C9277-35DA-42F4-861B-F50F4FEC163D}.Release|Any CPU.ActiveCfg = Release|Any CPU
		{DB6C9277-35DA-42F4-861B-F50F4FEC163D}.Release|Any CPU.Build.0 = Release|Any CPU
		{6AABBBFE-9C3C-4454-A4BB-617C3BBBFBBF}.Debug|Any CPU.ActiveCfg = Debug|Any CPU
		{6AABBBFE-9C3C-4454-A4BB-617C3BBBFBBF}.Debug|Any CPU.Build.0 = Debug|Any CPU
		{6AABBBFE-9C3C-4454-A4BB-617C3BBBFBBF}.Release|Any CPU.ActiveCfg = Release|Any CPU
		{6AABBBFE-9C3C-4454-A4BB-617C3BBBFBBF}.Release|Any CPU.Build.0 = Release|Any CPU
		{A7EC5E9D-6854-46E7-AA03-E1D6B1681EAB}.Debug|Any CPU.ActiveCfg = Debug|Any CPU
		{A7EC5E9D-6854-46E7-AA03-E1D6B1681EAB}.Debug|Any CPU.Build.0 = Debug|Any CPU
		{A7EC5E9D-6854-46E7-AA03-E1D6B1681EAB}.Release|Any CPU.ActiveCfg = Release|Any CPU
		{A7EC5E9D-6854-46E7-AA03-E1D6B1681EAB}.Release|Any CPU.Build.0 = Release|Any CPU
		{4C285A42-60DA-4843-B714-FBB432601DE1}.Debug|Any CPU.ActiveCfg = Debug|Any CPU
		{4C285A42-60DA-4843-B714-FBB432601DE1}.Debug|Any CPU.Build.0 = Debug|Any CPU
		{4C285A42-60DA-4843-B714-FBB432601DE1}.Release|Any CPU.ActiveCfg = Release|Any CPU
		{4C285A42-60DA-4843-B714-FBB432601DE1}.Release|Any CPU.Build.0 = Release|Any CPU
		{19B0368A-FB99-4545-951C-924F767D374E}.Debug|Any CPU.ActiveCfg = Debug|Any CPU
		{19B0368A-FB99-4545-951C-924F767D374E}.Debug|Any CPU.Build.0 = Debug|Any CPU
		{19B0368A-FB99-4545-951C-924F767D374E}.Release|Any CPU.ActiveCfg = Release|Any CPU
		{19B0368A-FB99-4545-951C-924F767D374E}.Release|Any CPU.Build.0 = Release|Any CPU
	EndGlobalSection
	GlobalSection(SolutionProperties) = preSolution
		HideSolutionNode = FALSE
	EndGlobalSection
	GlobalSection(ExtensibilityGlobals) = postSolution
		SolutionGuid = {E911B221-AFEE-4CB0-832C-9AFDCA28ECAF}
	EndGlobalSection
EndGlobal
